
Microsoft Visual Studio Solution File, Format Version 12.00
# Visual Studio Version 17
VisualStudioVersion = 17.8.34322.80
MinimumVisualStudioVersion = 10.0.40219.1
Project("{FAE04EC0-301F-11D3-BF4B-00C04F79EFBC}") = "WeatherApp.Api", "WeatherApp.Api\WeatherApp.Api.csproj", "{42ACE233-E584-48C4-960E-06087306AD7D}"
EndProject
Global
	GlobalSection(SolutionConfigurationPlatforms) = preSolution
		Debug|Any CPU = Debug|Any CPU
		Release|Any CPU = Release|Any CPU
	EndGlobalSection
	GlobalSection(ProjectConfigurationPlatforms) = postSolution
		{42ACE233-E584-48C4-960E-06087306AD7D}.Debug|Any CPU.ActiveCfg = Debug|Any CPU
		{42ACE233-E584-48C4-960E-06087306AD7D}.Debug|Any CPU.Build.0 = Debug|Any CPU
		{42ACE233-E584-48C4-960E-06087306AD7D}.Release|Any CPU.ActiveCfg = Release|Any CPU
		{42ACE233-E584-48C4-960E-06087306AD7D}.Release|Any CPU.Build.0 = Release|Any CPU
	EndGlobalSection
	GlobalSection(SolutionProperties) = preSolution
		HideSolutionNode = FALSE
	EndGlobalSection
	GlobalSection(ExtensibilityGlobals) = postSolution
		SolutionGuid = {0199850B-7208-4FE0-A84F-A78F3D361B44}
	EndGlobalSection
EndGlobal
